
Microsoft Visual Studio Solution File, Format Version 12.00
# Visual Studio Version 17
VisualStudioVersion = 17.0.31903.59
MinimumVisualStudioVersion = 10.0.40219.1
Project("{2150E333-8FDC-42A3-9474-1A3956D46DE8}") = "src", "src", "{BB20254B-1865-4141-81CE-FE012E720BBF}"
EndProject
Project("{2150E333-8FDC-42A3-9474-1A3956D46DE8}") = "Core", "Core", "{179801E1-EE0D-4E49-BD10-341D1934311A}"
EndProject
Project("{FAE04EC0-301F-11D3-BF4B-00C04F79EFBC}") = "SOBRIPOS.Core", "src\Core\SOBRIPOS.Core\SOBRIPOS.Core.csproj", "{22AB70A5-7214-42D1-9F7F-E7656784439A}"
EndProject
Project("{FAE04EC0-301F-11D3-BF4B-00C04F79EFBC}") = "SOBRIPOS.Application", "src\Core\SOBRIPOS.Application\SOBRIPOS.Application.csproj", "{4F1698D6-3EDF-4A4C-8BEA-B7D9105FF583}"
EndProject
Project("{2150E333-8FDC-42A3-9474-1A3956D46DE8}") = "Infrastructure", "Infrastructure", "{37455B57-7F93-4C3C-93FE-CF5309D78616}"
EndProject
Project("{FAE04EC0-301F-11D3-BF4B-00C04F79EFBC}") = "SOBRIPOS.Data", "src\Infrastructure\SOBRIPOS.Data\SOBRIPOS.Data.csproj", "{0BC4A89D-19F6-466F-B5D2-8D87926852AD}"
EndProject
Project("{2150E333-8FDC-42A3-9474-1A3956D46DE8}") = "Presentation", "Presentation", "{B92B97E1-740E-4CC4-9B0B-0E0A538136FA}"
EndProject
Project("{FAE04EC0-301F-11D3-BF4B-00C04F79EFBC}") = "SOBRIPOS.API", "src\Presentation\SOBRIPOS.API\SOBRIPOS.API.csproj", "{02C4A361-9530-4383-A2D5-284B9CF85DA8}"
EndProject
Project("{FAE04EC0-301F-11D3-BF4B-00C04F79EFBC}") = "SOBRIPOS.Web", "src\Presentation\SOBRIPOS.Web\SOBRIPOS.Web.csproj", "{01768F17-9C52-4789-860B-06B17AB71FB9}"
EndProject
Project("{FAE04EC0-301F-11D3-BF4B-00C04F79EFBC}") = "SOBRIPOS.Desktop", "src\Presentation\SOBRIPOS.Desktop\SOBRIPOS.Desktop.csproj", "{CEE15E81-3B39-46C1-A353-63C3379DCDA0}"
EndProject
Global
	GlobalSection(SolutionConfigurationPlatforms) = preSolution
		Debug|Any CPU = Debug|Any CPU
		Release|Any CPU = Release|Any CPU
	EndGlobalSection
	GlobalSection(SolutionProperties) = preSolution
		HideSolutionNode = FALSE
	EndGlobalSection
	GlobalSection(ProjectConfigurationPlatforms) = postSolution
		{22AB70A5-7214-42D1-9F7F-E7656784439A}.Debug|Any CPU.ActiveCfg = Debug|Any CPU
		{22AB70A5-7214-42D1-9F7F-E7656784439A}.Debug|Any CPU.Build.0 = Debug|Any CPU
		{22AB70A5-7214-42D1-9F7F-E7656784439A}.Release|Any CPU.ActiveCfg = Release|Any CPU
		{22AB70A5-7214-42D1-9F7F-E7656784439A}.Release|Any CPU.Build.0 = Release|Any CPU
		{4F1698D6-3EDF-4A4C-8BEA-B7D9105FF583}.Debug|Any CPU.ActiveCfg = Debug|Any CPU
		{4F1698D6-3EDF-4A4C-8BEA-B7D9105FF583}.Debug|Any CPU.Build.0 = Debug|Any CPU
		{4F1698D6-3EDF-4A4C-8BEA-B7D9105FF583}.Release|Any CPU.ActiveCfg = Release|Any CPU
		{4F1698D6-3EDF-4A4C-8BEA-B7D9105FF583}.Release|Any CPU.Build.0 = Release|Any CPU
		{0BC4A89D-19F6-466F-B5D2-8D87926852AD}.Debug|Any CPU.ActiveCfg = Debug|Any CPU
		{0BC4A89D-19F6-466F-B5D2-8D87926852AD}.Debug|Any CPU.Build.0 = Debug|Any CPU
		{0BC4A89D-19F6-466F-B5D2-8D87926852AD}.Release|Any CPU.ActiveCfg = Release|Any CPU
		{0BC4A89D-19F6-466F-B5D2-8D87926852AD}.Release|Any CPU.Build.0 = Release|Any CPU
		{02C4A361-9530-4383-A2D5-284B9CF85DA8}.Debug|Any CPU.ActiveCfg = Debug|Any CPU
		{02C4A361-9530-4383-A2D5-284B9CF85DA8}.Debug|Any CPU.Build.0 = Debug|Any CPU
		{02C4A361-9530-4383-A2D5-284B9CF85DA8}.Release|Any CPU.ActiveCfg = Release|Any CPU
		{02C4A361-9530-4383-A2D5-284B9CF85DA8}.Release|Any CPU.Build.0 = Release|Any CPU
		{01768F17-9C52-4789-860B-06B17AB71FB9}.Debug|Any CPU.ActiveCfg = Debug|Any CPU
		{01768F17-9C52-4789-860B-06B17AB71FB9}.Debug|Any CPU.Build.0 = Debug|Any CPU
		{01768F17-9C52-4789-860B-06B17AB71FB9}.Release|Any CPU.ActiveCfg = Release|Any CPU
		{01768F17-9C52-4789-860B-06B17AB71FB9}.Release|Any CPU.Build.0 = Release|Any CPU
		{CEE15E81-3B39-46C1-A353-63C3379DCDA0}.Debug|Any CPU.ActiveCfg = Debug|Any CPU
		{CEE15E81-3B39-46C1-A353-63C3379DCDA0}.Debug|Any CPU.Build.0 = Debug|Any CPU
		{CEE15E81-3B39-46C1-A353-63C3379DCDA0}.Release|Any CPU.ActiveCfg = Release|Any CPU
		{CEE15E81-3B39-46C1-A353-63C3379DCDA0}.Release|Any CPU.Build.0 = Release|Any CPU
	EndGlobalSection
	GlobalSection(NestedProjects) = preSolution
		{179801E1-EE0D-4E49-BD10-341D1934311A} = {BB20254B-1865-4141-81CE-FE012E720BBF}
		{22AB70A5-7214-42D1-9F7F-E7656784439A} = {179801E1-EE0D-4E49-BD10-341D1934311A}
		{4F1698D6-3EDF-4A4C-8BEA-B7D9105FF583} = {179801E1-EE0D-4E49-BD10-341D1934311A}
		{37455B57-7F93-4C3C-93FE-CF5309D78616} = {BB20254B-1865-4141-81CE-FE012E720BBF}
		{0BC4A89D-19F6-466F-B5D2-8D87926852AD} = {37455B57-7F93-4C3C-93FE-CF5309D78616}
		{B92B97E1-740E-4CC4-9B0B-0E0A538136FA} = {BB20254B-1865-4141-81CE-FE012E720BBF}
		{02C4A361-9530-4383-A2D5-284B9CF85DA8} = {B92B97E1-740E-4CC4-9B0B-0E0A538136FA}
		{01768F17-9C52-4789-860B-06B17AB71FB9} = {B92B97E1-740E-4CC4-9B0B-0E0A538136FA}
		{CEE15E81-3B39-46C1-A353-63C3379DCDA0} = {B92B97E1-740E-4CC4-9B0B-0E0A538136FA}
	EndGlobalSection
EndGlobal
